
Microsoft Visual Studio Solution File, Format Version 12.00
# Visual Studio Version 17
VisualStudioVersion = 17.3.32929.385
MinimumVisualStudioVersion = 10.0.40219.1
Project("{FAE04EC0-301F-11D3-BF4B-00C04F79EFBC}") = "FinalExam321", "FinalExam321\FinalExam321.csproj", "{20B8F347-D4E1-42C2-9412-5EA010747631}"
EndProject
Project("{FAE04EC0-301F-11D3-BF4B-00C04F79EFBC}") = "LetterEngine", "LetterEngine\LetterEngine.csproj", "{9090103B-34CF-4D75-92CD-F49B7AE851E7}"
EndProject
Project("{9A19103F-16F7-4668-BE54-9A1E7A4F7556}") = "LetterEngineTests", "LetterEngineTests\LetterEngineTests.csproj", "{2AD8D484-436B-4B6B-A966-37E60E25F81F}"
EndProject
Project("{2150E333-8FDC-42A3-9474-1A3956D46DE8}") = "Solution Items", "Solution Items", "{0A4FE0E2-E29D-4169-8115-831B99DBCADA}"
	ProjectSection(SolutionItems) = preProject
		.editorconfig = .editorconfig
	EndProjectSection
EndProject
Global
	GlobalSection(SolutionConfigurationPlatforms) = preSolution
		Debug|Any CPU = Debug|Any CPU
		Release|Any CPU = Release|Any CPU
	EndGlobalSection
	GlobalSection(ProjectConfigurationPlatforms) = postSolution
		{20B8F347-D4E1-42C2-9412-5EA010747631}.Debug|Any CPU.ActiveCfg = Debug|Any CPU
		{20B8F347-D4E1-42C2-9412-5EA010747631}.Debug|Any CPU.Build.0 = Debug|Any CPU
		{20B8F347-D4E1-42C2-9412-5EA010747631}.Release|Any CPU.ActiveCfg = Release|Any CPU
		{20B8F347-D4E1-42C2-9412-5EA010747631}.Release|Any CPU.Build.0 = Release|Any CPU
		{9090103B-34CF-4D75-92CD-F49B7AE851E7}.Debug|Any CPU.ActiveCfg = Debug|Any CPU
		{9090103B-34CF-4D75-92CD-F49B7AE851E7}.Debug|Any CPU.Build.0 = Debug|Any CPU
		{9090103B-34CF-4D75-92CD-F49B7AE851E7}.Release|Any CPU.ActiveCfg = Release|Any CPU
		{9090103B-34CF-4D75-92CD-F49B7AE851E7}.Release|Any CPU.Build.0 = Release|Any CPU
		{2AD8D484-436B-4B6B-A966-37E60E25F81F}.Debug|Any CPU.ActiveCfg = Debug|Any CPU
		{2AD8D484-436B-4B6B-A966-37E60E25F81F}.Debug|Any CPU.Build.0 = Debug|Any CPU
		{2AD8D484-436B-4B6B-A966-37E60E25F81F}.Release|Any CPU.ActiveCfg = Release|Any CPU
		{2AD8D484-436B-4B6B-A966-37E60E25F81F}.Release|Any CPU.Build.0 = Release|Any CPU
	EndGlobalSection
	GlobalSection(SolutionProperties) = preSolution
		HideSolutionNode = FALSE
	EndGlobalSection
	GlobalSection(ExtensibilityGlobals) = postSolution
		SolutionGuid = {86EDFD6D-2B35-494F-ADA1-6616FB2ED21F}
	EndGlobalSection
EndGlobal
